
Microsoft Visual Studio Solution File, Format Version 12.00
# Visual Studio 15
VisualStudioVersion = 15.0.26124.0
MinimumVisualStudioVersion = 15.0.26124.0
Project("{FAE04EC0-301F-11D3-BF4B-00C04F79EFBC}") = "API", "API\API.csproj", "{EB4CE261-9602-4C8B-9B51-B8C6821EC70C}"
EndProject
Project("{FAE04EC0-301F-11D3-BF4B-00C04F79EFBC}") = "Infrastructure", "Infrastructure\Infrastructure.csproj", "{3111D912-8D84-45B7-AFA6-2754FE6DD1B1}"
EndProject
Project("{FAE04EC0-301F-11D3-BF4B-00C04F79EFBC}") = "Core", "Core\Core.csproj", "{DAE27340-80BB-4837-B603-C3CB5B80CBEC}"
EndProject
Global
	GlobalSection(SolutionConfigurationPlatforms) = preSolution
		Debug|Any CPU = Debug|Any CPU
		Debug|x64 = Debug|x64
		Debug|x86 = Debug|x86
		Release|Any CPU = Release|Any CPU
		Release|x64 = Release|x64
		Release|x86 = Release|x86
	EndGlobalSection
	GlobalSection(SolutionProperties) = preSolution
		HideSolutionNode = FALSE
	EndGlobalSection
	GlobalSection(ProjectConfigurationPlatforms) = postSolution
		{EB4CE261-9602-4C8B-9B51-B8C6821EC70C}.Debug|Any CPU.ActiveCfg = Debug|Any CPU
		{EB4CE261-9602-4C8B-9B51-B8C6821EC70C}.Debug|Any CPU.Build.0 = Debug|Any CPU
		{EB4CE261-9602-4C8B-9B51-B8C6821EC70C}.Debug|x64.ActiveCfg = Debug|Any CPU
		{EB4CE261-9602-4C8B-9B51-B8C6821EC70C}.Debug|x64.Build.0 = Debug|Any CPU
		{EB4CE261-9602-4C8B-9B51-B8C6821EC70C}.Debug|x86.ActiveCfg = Debug|Any CPU
		{EB4CE261-9602-4C8B-9B51-B8C6821EC70C}.Debug|x86.Build.0 = Debug|Any CPU
		{EB4CE261-9602-4C8B-9B51-B8C6821EC70C}.Release|Any CPU.ActiveCfg = Release|Any CPU
		{EB4CE261-9602-4C8B-9B51-B8C6821EC70C}.Release|Any CPU.Build.0 = Release|Any CPU
		{EB4CE261-9602-4C8B-9B51-B8C6821EC70C}.Release|x64.ActiveCfg = Release|Any CPU
		{EB4CE261-9602-4C8B-9B51-B8C6821EC70C}.Release|x64.Build.0 = Release|Any CPU
		{EB4CE261-9602-4C8B-9B51-B8C6821EC70C}.Release|x86.ActiveCfg = Release|Any CPU
		{EB4CE261-9602-4C8B-9B51-B8C6821EC70C}.Release|x86.Build.0 = Release|Any CPU
		{3111D912-8D84-45B7-AFA6-2754FE6DD1B1}.Debug|Any CPU.ActiveCfg = Debug|Any CPU
		{3111D912-8D84-45B7-AFA6-2754FE6DD1B1}.Debug|Any CPU.Build.0 = Debug|Any CPU
		{3111D912-8D84-45B7-AFA6-2754FE6DD1B1}.Debug|x64.ActiveCfg = Debug|Any CPU
		{3111D912-8D84-45B7-AFA6-2754FE6DD1B1}.Debug|x64.Build.0 = Debug|Any CPU
		{3111D912-8D84-45B7-AFA6-2754FE6DD1B1}.Debug|x86.ActiveCfg = Debug|Any CPU
		{3111D912-8D84-45B7-AFA6-2754FE6DD1B1}.Debug|x86.Build.0 = Debug|Any CPU
		{3111D912-8D84-45B7-AFA6-2754FE6DD1B1}.Release|Any CPU.ActiveCfg = Release|Any CPU
		{3111D912-8D84-45B7-AFA6-2754FE6DD1B1}.Release|Any CPU.Build.0 = Release|Any CPU
		{3111D912-8D84-45B7-AFA6-2754FE6DD1B1}.Release|x64.ActiveCfg = Release|Any CPU
		{3111D912-8D84-45B7-AFA6-2754FE6DD1B1}.Release|x64.Build.0 = Release|Any CPU
		{3111D912-8D84-45B7-AFA6-2754FE6DD1B1}.Release|x86.ActiveCfg = Release|Any CPU
		{3111D912-8D84-45B7-AFA6-2754FE6DD1B1}.Release|x86.Build.0 = Release|Any CPU
		{DAE27340-80BB-4837-B603-C3CB5B80CBEC}.Debug|Any CPU.ActiveCfg = Debug|Any CPU
		{DAE27340-80BB-4837-B603-C3CB5B80CBEC}.Debug|Any CPU.Build.0 = Debug|Any CPU
		{DAE27340-80BB-4837-B603-C3CB5B80CBEC}.Debug|x64.ActiveCfg = Debug|Any CPU
		{DAE27340-80BB-4837-B603-C3CB5B80CBEC}.Debug|x64.Build.0 = Debug|Any CPU
		{DAE27340-80BB-4837-B603-C3CB5B80CBEC}.Debug|x86.ActiveCfg = Debug|Any CPU
		{DAE27340-80BB-4837-B603-C3CB5B80CBEC}.Debug|x86.Build.0 = Debug|Any CPU
		{DAE27340-80BB-4837-B603-C3CB5B80CBEC}.Release|Any CPU.ActiveCfg = Release|Any CPU
		{DAE27340-80BB-4837-B603-C3CB5B80CBEC}.Release|Any CPU.Build.0 = Release|Any CPU
		{DAE27340-80BB-4837-B603-C3CB5B80CBEC}.Release|x64.ActiveCfg = Release|Any CPU
		{DAE27340-80BB-4837-B603-C3CB5B80CBEC}.Release|x64.Build.0 = Release|Any CPU
		{DAE27340-80BB-4837-B603-C3CB5B80CBEC}.Release|x86.ActiveCfg = Release|Any CPU
		{DAE27340-80BB-4837-B603-C3CB5B80CBEC}.Release|x86.Build.0 = Release|Any CPU
	EndGlobalSection
EndGlobal
